
Microsoft Visual Studio Solution File, Format Version 12.00
# Visual Studio Version 17
VisualStudioVersion = 17.4.33122.133
MinimumVisualStudioVersion = 10.0.40219.1
Project("{FAE04EC0-301F-11D3-BF4B-00C04F79EFBC}") = "A5V", "A5V.csproj", "{DF90697B-BE17-4F3D-9431-7EEB89060158}"
EndProject
Global
	GlobalSection(SolutionConfigurationPlatforms) = preSolution
		Debug|Any CPU = Debug|Any CPU
		Release|Any CPU = Release|Any CPU
	EndGlobalSection
	GlobalSection(ProjectConfigurationPlatforms) = postSolution
		{DF90697B-BE17-4F3D-9431-7EEB89060158}.Debug|Any CPU.ActiveCfg = Debug|Any CPU
		{DF90697B-BE17-4F3D-9431-7EEB89060158}.Debug|Any CPU.Build.0 = Debug|Any CPU
		{DF90697B-BE17-4F3D-9431-7EEB89060158}.Release|Any CPU.ActiveCfg = Release|Any CPU
		{DF90697B-BE17-4F3D-9431-7EEB89060158}.Release|Any CPU.Build.0 = Release|Any CPU
	EndGlobalSection
	GlobalSection(SolutionProperties) = preSolution
		HideSolutionNode = FALSE
	EndGlobalSection
	GlobalSection(ExtensibilityGlobals) = postSolution
		SolutionGuid = {A35C9765-25AC-48ED-AD25-382B01871796}
	EndGlobalSection
EndGlobal
